
Microsoft Visual Studio Solution File, Format Version 12.00
# Visual Studio Version 17
VisualStudioVersion = 17.13.35931.197 d17.13
MinimumVisualStudioVersion = 10.0.40219.1
Project("{FAE04EC0-301F-11D3-BF4B-00C04F79EFBC}") = "Stat Menu", "Stat Menu.csproj", "{B7947EB3-6A18-4927-929E-0FAEBF0295D2}"
EndProject
Global
	GlobalSection(SolutionConfigurationPlatforms) = preSolution
		Debug|Any CPU = Debug|Any CPU
		Release|Any CPU = Release|Any CPU
	EndGlobalSection
	GlobalSection(ProjectConfigurationPlatforms) = postSolution
		{B7947EB3-6A18-4927-929E-0FAEBF0295D2}.Debug|Any CPU.ActiveCfg = Debug|Any CPU
		{B7947EB3-6A18-4927-929E-0FAEBF0295D2}.Debug|Any CPU.Build.0 = Debug|Any CPU
		{B7947EB3-6A18-4927-929E-0FAEBF0295D2}.Release|Any CPU.ActiveCfg = Release|Any CPU
		{B7947EB3-6A18-4927-929E-0FAEBF0295D2}.Release|Any CPU.Build.0 = Release|Any CPU
	EndGlobalSection
	GlobalSection(SolutionProperties) = preSolution
		HideSolutionNode = FALSE
	EndGlobalSection
	GlobalSection(ExtensibilityGlobals) = postSolution
		SolutionGuid = {D349205C-55EF-4689-8798-909657B9F08B}
	EndGlobalSection
EndGlobal
